
Microsoft Visual Studio Solution File, Format Version 12.00
# Visual Studio 15
VisualStudioVersion = 15.0.28307.168
MinimumVisualStudioVersion = 10.0.40219.1
Project("{FAE04EC0-301F-11D3-BF4B-00C04F79EFBC}") = "WTF", "WTF\WTF.csproj", "{B0608225-D59B-492C-8D3E-4A9DEFB32EF0}"
EndProject
Global
	GlobalSection(SolutionConfigurationPlatforms) = preSolution
		Debug|Any CPU = Debug|Any CPU
		Release|Any CPU = Release|Any CPU
	EndGlobalSection
	GlobalSection(ProjectConfigurationPlatforms) = postSolution
		{B0608225-D59B-492C-8D3E-4A9DEFB32EF0}.Debug|Any CPU.ActiveCfg = Debug|Any CPU
		{B0608225-D59B-492C-8D3E-4A9DEFB32EF0}.Debug|Any CPU.Build.0 = Debug|Any CPU
		{B0608225-D59B-492C-8D3E-4A9DEFB32EF0}.Release|Any CPU.ActiveCfg = Release|Any CPU
		{B0608225-D59B-492C-8D3E-4A9DEFB32EF0}.Release|Any CPU.Build.0 = Release|Any CPU
	EndGlobalSection
	GlobalSection(SolutionProperties) = preSolution
		HideSolutionNode = FALSE
	EndGlobalSection
	GlobalSection(ExtensibilityGlobals) = postSolution
		SolutionGuid = {4840B863-6BBC-499E-9DF1-58B7069B4864}
	EndGlobalSection
EndGlobal
